
Microsoft Visual Studio Solution File, Format Version 12.00
Project("{FAE04EC0-301F-11D3-BF4B-00C04F79EFBC}") = "ATDashboard", "ATDashboard\ATDashboard.csproj", "{C9563C69-07FC-46BF-81E1-F10847357908}"
EndProject
Project("{2150E333-8FDC-42A3-9474-1A3956D46DE8}") = "Solution Items", "Solution Items", "{D865A9C7-9A3C-4DAF-B0A8-81A194F31307}"
	ProjectSection(SolutionItems) = preProject
		docker-compose.yml = docker-compose.yml
	EndProjectSection
EndProject
Global
	GlobalSection(SolutionConfigurationPlatforms) = preSolution
		Debug|Any CPU = Debug|Any CPU
		Release|Any CPU = Release|Any CPU
	EndGlobalSection
	GlobalSection(ProjectConfigurationPlatforms) = postSolution
		{C9563C69-07FC-46BF-81E1-F10847357908}.Debug|Any CPU.ActiveCfg = Debug|Any CPU
		{C9563C69-07FC-46BF-81E1-F10847357908}.Debug|Any CPU.Build.0 = Debug|Any CPU
		{C9563C69-07FC-46BF-81E1-F10847357908}.Release|Any CPU.ActiveCfg = Release|Any CPU
		{C9563C69-07FC-46BF-81E1-F10847357908}.Release|Any CPU.Build.0 = Release|Any CPU
	EndGlobalSection
EndGlobal
